
Microsoft Visual Studio Solution File, Format Version 12.00
# Visual Studio Version 17
VisualStudioVersion = 17.0.31903.59
MinimumVisualStudioVersion = 10.0.40219.1
Project("{2150E333-8FDC-42A3-9474-1A3956D46DE8}") = "Solution Items", "Solution Items", "{F0171A56-2078-4C71-A7E6-FE853359211D}"
	ProjectSection(SolutionItems) = preProject
		not.md = not.md
	EndProjectSection
EndProject
Project("{9A19103F-16F7-4668-BE54-9A1E7A4F7556}") = "Ders_01", "Ders_01\Ders_01.csproj", "{6FDCBEF7-E0A9-4080-A4C3-9F8C1A09AE39}"
EndProject
Project("{9A19103F-16F7-4668-BE54-9A1E7A4F7556}") = "Ders_02", "Ders_02\Ders_02.csproj", "{700C6431-914A-4E97-8EBC-338171DD861F}"
EndProject
Project("{9A19103F-16F7-4668-BE54-9A1E7A4F7556}") = "Ders_03", "Ders_03\Ders_03.csproj", "{FC6FCAF6-2D60-4350-94A6-E19F3373F0E5}"
EndProject
Project("{FAE04EC0-301F-11D3-BF4B-00C04F79EFBC}") = "Ders_04", "Ders_04\Ders_04.csproj", "{029F84A8-3C25-47B7-A113-17CBC07C39A4}"
EndProject
Global
	GlobalSection(SolutionConfigurationPlatforms) = preSolution
		Debug|Any CPU = Debug|Any CPU
		Release|Any CPU = Release|Any CPU
	EndGlobalSection
	GlobalSection(ProjectConfigurationPlatforms) = postSolution
		{6FDCBEF7-E0A9-4080-A4C3-9F8C1A09AE39}.Debug|Any CPU.ActiveCfg = Debug|Any CPU
		{6FDCBEF7-E0A9-4080-A4C3-9F8C1A09AE39}.Debug|Any CPU.Build.0 = Debug|Any CPU
		{6FDCBEF7-E0A9-4080-A4C3-9F8C1A09AE39}.Release|Any CPU.ActiveCfg = Release|Any CPU
		{6FDCBEF7-E0A9-4080-A4C3-9F8C1A09AE39}.Release|Any CPU.Build.0 = Release|Any CPU
		{700C6431-914A-4E97-8EBC-338171DD861F}.Debug|Any CPU.ActiveCfg = Debug|Any CPU
		{700C6431-914A-4E97-8EBC-338171DD861F}.Debug|Any CPU.Build.0 = Debug|Any CPU
		{700C6431-914A-4E97-8EBC-338171DD861F}.Release|Any CPU.ActiveCfg = Release|Any CPU
		{700C6431-914A-4E97-8EBC-338171DD861F}.Release|Any CPU.Build.0 = Release|Any CPU
		{FC6FCAF6-2D60-4350-94A6-E19F3373F0E5}.Debug|Any CPU.ActiveCfg = Debug|Any CPU
		{FC6FCAF6-2D60-4350-94A6-E19F3373F0E5}.Debug|Any CPU.Build.0 = Debug|Any CPU
		{FC6FCAF6-2D60-4350-94A6-E19F3373F0E5}.Release|Any CPU.ActiveCfg = Release|Any CPU
		{FC6FCAF6-2D60-4350-94A6-E19F3373F0E5}.Release|Any CPU.Build.0 = Release|Any CPU
		{029F84A8-3C25-47B7-A113-17CBC07C39A4}.Debug|Any CPU.ActiveCfg = Debug|Any CPU
		{029F84A8-3C25-47B7-A113-17CBC07C39A4}.Debug|Any CPU.Build.0 = Debug|Any CPU
		{029F84A8-3C25-47B7-A113-17CBC07C39A4}.Release|Any CPU.ActiveCfg = Release|Any CPU
		{029F84A8-3C25-47B7-A113-17CBC07C39A4}.Release|Any CPU.Build.0 = Release|Any CPU
	EndGlobalSection
	GlobalSection(SolutionProperties) = preSolution
		HideSolutionNode = FALSE
	EndGlobalSection
	GlobalSection(ExtensibilityGlobals) = postSolution
		SolutionGuid = {F695D3B9-05F8-4505-945D-D0945A478554}
	EndGlobalSection
EndGlobal
